
Microsoft Visual Studio Solution File, Format Version 12.00
# Visual Studio Version 17
VisualStudioVersion = 17.11.35312.102
MinimumVisualStudioVersion = 10.0.40219.1
Project("{FAE04EC0-301F-11D3-BF4B-00C04F79EFBC}") = "YConsole", "YConsole\YConsole.csproj", "{3C2CBB18-FA56-48E9-AE74-A7A12B73BB4C}"
EndProject
Global
	GlobalSection(SolutionConfigurationPlatforms) = preSolution
		Debug|Any CPU = Debug|Any CPU
		Release|Any CPU = Release|Any CPU
	EndGlobalSection
	GlobalSection(ProjectConfigurationPlatforms) = postSolution
		{3C2CBB18-FA56-48E9-AE74-A7A12B73BB4C}.Debug|Any CPU.ActiveCfg = Debug|Any CPU
		{3C2CBB18-FA56-48E9-AE74-A7A12B73BB4C}.Debug|Any CPU.Build.0 = Debug|Any CPU
		{3C2CBB18-FA56-48E9-AE74-A7A12B73BB4C}.Release|Any CPU.ActiveCfg = Release|Any CPU
		{3C2CBB18-FA56-48E9-AE74-A7A12B73BB4C}.Release|Any CPU.Build.0 = Release|Any CPU
	EndGlobalSection
	GlobalSection(SolutionProperties) = preSolution
		HideSolutionNode = FALSE
	EndGlobalSection
	GlobalSection(ExtensibilityGlobals) = postSolution
		SolutionGuid = {AC2E6FCE-94C0-46E8-BCF7-74F94A6427E7}
	EndGlobalSection
EndGlobal
